// !$*UTF8*$!
{
	archiveVersion = 1;
	classes = {
	};
	objectVersion = 55;
	objects = {

/* Begin PBXBuildFile section */
		AF2FECE8290A92D600BDF73A /* Animals.swift in Sources */ = {isa = PBXBuildFile; fileRef = AF2FECE7290A92D600BDF73A /* Animals.swift */; };
		AF2FECEA290A930B00BDF73A /* Sheep.swift in Sources */ = {isa = PBXBuildFile; fileRef = AF2FECE9290A930B00BDF73A /* Sheep.swift */; };
		AF2FECEC290A934F00BDF73A /* Chiken.swift in Sources */ = {isa = PBXBuildFile; fileRef = AF2FECEB290A934F00BDF73A /* Chiken.swift */; };
		AF2FECEE290A937B00BDF73A /* dog.swift in Sources */ = {isa = PBXBuildFile; fileRef = AF2FECED290A937B00BDF73A /* dog.swift */; };
		AF2FECF0290A938E00BDF73A /* main.swift in Sources */ = {isa = PBXBuildFile; fileRef = AF2FECEF290A938E00BDF73A /* main.swift */; };
/* End PBXBuildFile section */

/* Begin PBXCopyFilesBuildPhase section */
		AF620C74290178DE009F74A9 /* CopyFiles */ = {
			isa = PBXCopyFilesBuildPhase;
			buildActionMask = 2147483647;
			dstPath = /usr/share/man/man1/;
			dstSubfolderSpec = 0;
			files = (
			);
			runOnlyForDeploymentPostprocessing = 1;
		};
/* End PBXCopyFilesBuildPhase section */

/* Begin PBXFileReference section */
		AF2FECE7290A92D600BDF73A /* Animals.swift */ = {isa = PBXFileReference; lastKnownFileType = sourcecode.swift; path = Animals.swift; sourceTree = "<group>"; };
		AF2FECE9290A930B00BDF73A /* Sheep.swift */ = {isa = PBXFileReference; lastKnownFileType = sourcecode.swift; path = Sheep.swift; sourceTree = "<group>"; };
		AF2FECEB290A934F00BDF73A /* Chiken.swift */ = {isa = PBXFileReference; lastKnownFileType = sourcecode.swift; path = Chiken.swift; sourceTree = "<group>"; };
		AF2FECED290A937B00BDF73A /* dog.swift */ = {isa = PBXFileReference; lastKnownFileType = sourcecode.swift; path = dog.swift; sourceTree = "<group>"; };
		AF2FECEF290A938E00BDF73A /* main.swift */ = {isa = PBXFileReference; lastKnownFileType = sourcecode.swift; path = main.swift; sourceTree = "<group>"; };
		AF620C76290178DE009F74A9 /* HomeWork N3 (2) */ = {isa = PBXFileReference; explicitFileType = "compiled.mach-o.executable"; includeInIndex = 0; path = "HomeWork N3 (2)"; sourceTree = BUILT_PRODUCTS_DIR; };
/* End PBXFileReference section */

/* Begin PBXFrameworksBuildPhase section */
		AF620C73290178DE009F74A9 /* Frameworks */ = {
			isa = PBXFrameworksBuildPhase;
			buildActionMask = 2147483647;
			files = (
			);
			runOnlyForDeploymentPostprocessing = 0;
		};
/* End PBXFrameworksBuildPhase section */

/* Begin PBXGroup section */
		AF620C6D290178DE009F74A9 = {
			isa = PBXGroup;
			children = (
				AF2FECEF290A938E00BDF73A /* main.swift */,
				AF2FECE7290A92D600BDF73A /* Animals.swift */,
				AF2FECE9290A930B00BDF73A /* Sheep.swift */,
				AF2FECEB290A934F00BDF73A /* Chiken.swift */,
				AF2FECED290A937B00BDF73A /* dog.swift */,
				AF620C78290178DE009F74A9 /* HomeWork N3 (2) */,
				AF620C77290178DE009F74A9 /* Products */,
			);
			sourceTree = "<group>";
		};
		AF620C77290178DE009F74A9 /* Products */ = {
			isa = PBXGroup;
			children = (
				AF620C76290178DE009F74A9 /* HomeWork N3 (2) */,
			);
			name = Products;
			sourceTree = "<group>";
		};
		AF620C78290178DE009F74A9 /* HomeWork N3 (2) */ = {
			isa = PBXGroup;
			children = (
			);
			path = "HomeWork N3 (2)";
			sourceTree = "<group>";
		};
/* End PBXGroup section */

/* Begin PBXNativeTarget section */
		AF620C75290178DE009F74A9 /* HomeWork N3 (2) */ = {
			isa = PBXNativeTarget;
			buildConfigurationList = AF620C7D290178DE009F74A9 /* Build configuration list for PBXNativeTarget "HomeWork N3 (2)" */;
			buildPhases = (
				AF620C72290178DE009F74A9 /* Sources */,
				AF620C73290178DE009F74A9 /* Frameworks */,
				AF620C74290178DE009F74A9 /* CopyFiles */,
			);
			buildRules = (
			);
			dependencies = (
			);
			name = "HomeWork N3 (2)";
			productName = "HomeWork N3 (2)";
			productReference = AF620C76290178DE009F74A9 /* HomeWork N3 (2) */;
			productType = "com.apple.product-type.tool";
		};
/* End PBXNativeTarget section */

/* Begin PBXProject section */
		AF620C6E290178DE009F74A9 /* Project object */ = {
			isa = PBXProject;
			attributes = {
				BuildIndependentTargetsInParallel = 1;
				LastSwiftUpdateCheck = 1340;
				LastUpgradeCheck = 1340;
				TargetAttributes = {
					AF620C75290178DE009F74A9 = {
						CreatedOnToolsVersion = 13.4.1;
					};
				};
			};
			buildConfigurationList = AF620C71290178DE009F74A9 /* Build configuration list for PBXProject "HomeWork N3 (2)" */;
			compatibilityVersion = "Xcode 13.0";
			developmentRegion = en;
			hasScannedForEncodings = 0;
			knownRegions = (
				en,
				Base,
			);
			mainGroup = AF620C6D290178DE009F74A9;
			productRefGroup = AF620C77290178DE009F74A9 /* Products */;
			projectDirPath = "";
			projectRoot = "";
			targets = (
				AF620C75290178DE009F74A9 /* HomeWork N3 (2) */,
			);
		};
/* End PBXProject section */

/* Begin PBXSourcesBuildPhase section */
		AF620C72290178DE009F74A9 /* Sources */ = {
			isa = PBXSourcesBuildPhase;
			buildActionMask = 2147483647;
			files = (
				AF2FECE8290A92D600BDF73A /* Animals.swift in Sources */,
				AF2FECF0290A938E00BDF73A /* main.swift in Sources */,
				AF2FECEC290A934F00BDF73A /* Chiken.swift in Sources */,
				AF2FECEE290A937B00BDF73A /* dog.swift in Sources */,
				AF2FECEA290A930B00BDF73A /* Sheep.swift in Sources */,
			);
			runOnlyForDeploymentPostprocessing = 0;
		};
/* End PBXSourcesBuildPhase section */

/* Begin XCBuildConfiguration section */
		AF620C7B290178DE009F74A9 /* Debug */ = {
			isa = XCBuildConfiguration;
			buildSettings = {
				ALWAYS_SEARCH_USER_PATHS = NO;
				CLANG_ANALYZER_NONNULL = YES;
				CLANG_ANALYZER_NUMBER_OBJECT_CONVERSION = YES_AGGRESSIVE;
				CLANG_CXX_LANGUAGE_STANDARD = "gnu++17";
				CLANG_ENABLE_MODULES = YES;
				CLANG_ENABLE_OBJC_ARC = YES;
				CLANG_ENABLE_OBJC_WEAK = YES;
				CLANG_WARN_BLOCK_CAPTURE_AUTORELEASING = YES;
				CLANG_WARN_BOOL_CONVERSION = YES;
				CLANG_WARN_COMMA = YES;
				CLANG_WARN_CONSTANT_CONVERSION = YES;
				CLANG_WARN_DEPRECATED_OBJC_IMPLEMENTATIONS = YES;
				CLANG_WARN_DIRECT_OBJC_ISA_USAGE = YES_ERROR;
				CLANG_WARN_DOCUMENTATION_COMMENTS = YES;
				CLANG_WARN_EMPTY_BODY = YES;
				CLANG_WARN_ENUM_CONVERSION = YES;
				CLANG_WARN_INFINITE_RECURSION = YES;
				CLANG_WARN_INT_CONVERSION = YES;
				CLANG_WARN_NON_LITERAL_NULL_CONVERSION = YES;
				CLANG_WARN_OBJC_IMPLICIT_RETAIN_SELF = YES;
				CLANG_WARN_OBJC_LITERAL_CONVERSION = YES;
				CLANG_WARN_OBJC_ROOT_CLASS = YES_ERROR;
				CLANG_WARN_QUOTED_INCLUDE_IN_FRAMEWORK_HEADER = YES;
				CLANG_WARN_RANGE_LOOP_ANALYSIS = YES;
				CLANG_WARN_STRICT_PROTOTYPES = YES;
				CLANG_WARN_SUSPICIOUS_MOVE = YES;
				CLANG_WARN_UNGUARDED_AVAILABILITY = YES_AGGRESSIVE;
				CLANG_WARN_UNREACHABLE_CODE = YES;
				CLANG_WARN__DUPLICATE_METHOD_MATCH = YES;
				COPY_PHASE_STRIP = NO;
				DEBUG_INFORMATION_FORMAT = dwarf;
				ENABLE_STRICT_OBJC_MSGSEND = YES;
				ENABLE_TESTABILITY = YES;
				GCC_C_LANGUAGE_STANDARD = gnu11;
				GCC_DYNAMIC_NO_PIC = NO;
				GCC_NO_COMMON_BLOCKS = YES;
				GCC_OPTIMIZATION_LEVEL = 0;
				GCC_PREPROCESSOR_DEFINITIONS = (
					"DEBUG=1",
					"$(inherited)",
				);
				GCC_WARN_64_TO_32_BIT_CONVERSION = YES;
				GCC_WARN_ABOUT_RETURN_TYPE = YES_ERROR;
				GCC_WARN_UNDECLARED_SELECTOR = YES;
				GCC_WARN_UNINITIALIZED_AUTOS = YES_AGGRESSIVE;
				GCC_WARN_UNUSED_FUNCTION = YES;
				GCC_WARN_UNUSED_VARIABLE = YES;
				MACOSX_DEPLOYMENT_TARGET = 12.2;
				MTL_ENABLE_DEBUG_INFO = INCLUDE_SOURCE;
				MTL_FAST_MATH = YES;
				ONLY_ACTIVE_ARCH = YES;
				SDKROOT = macosx;
				SWIFT_ACTIVE_COMPILATION_CONDITIONS = DEBUG;
				SWIFT_OPTIMIZATION_LEVEL = "-Onone";
			};
			name = Debug;
		};
		AF620C7C290178DE009F74A9 /* Release */ = {
			isa = XCBuildConfiguration;
			buildSettings = {
				ALWAYS_SEARCH_USER_PATHS = NO;
				CLANG_ANALYZER_NONNULL = YES;
				CLANG_ANALYZER_NUMBER_OBJECT_CONVERSION = YES_AGGRESSIVE;
				CLANG_CXX_LANGUAGE_STANDARD = "gnu++17";
				CLANG_ENABLE_MODULES = YES;
				CLANG_ENABLE_OBJC_ARC = YES;
				CLANG_ENABLE_OBJC_WEAK = YES;
				CLANG_WARN_BLOCK_CAPTURE_AUTORELEASING = YES;
				CLANG_WARN_BOOL_CONVERSION = YES;
				CLANG_WARN_COMMA = YES;
				CLANG_WARN_CONSTANT_CONVERSION = YES;
				CLANG_WARN_DEPRECATED_OBJC_IMPLEMENTATIONS = YES;
				CLANG_WARN_DIRECT_OBJC_ISA_USAGE = YES_ERROR;
				CLANG_WARN_DOCUMENTATION_COMMENTS = YES;
				CLANG_WARN_EMPTY_BODY = YES;
				CLANG_WARN_ENUM_CONVERSION = YES;
				CLANG_WARN_INFINITE_RECURSION = YES;
				CLANG_WARN_INT_CONVERSION = YES;
				CLANG_WARN_NON_LITERAL_NULL_CONVERSION = YES;
				CLANG_WARN_OBJC_IMPLICIT_RETAIN_SELF = YES;
				CLANG_WARN_OBJC_LITERAL_CONVERSION = YES;
				CLANG_WARN_OBJC_ROOT_CLASS = YES_ERROR;
				CLANG_WARN_QUOTED_INCLUDE_IN_FRAMEWORK_HEADER = YES;
				CLANG_WARN_RANGE_LOOP_ANALYSIS = YES;
				CLANG_WARN_STRICT_PROTOTYPES = YES;
				CLANG_WARN_SUSPICIOUS_MOVE = YES;
				CLANG_WARN_UNGUARDED_AVAILABILITY = YES_AGGRESSIVE;
				CLANG_WARN_UNREACHABLE_CODE = YES;
				CLANG_WARN__DUPLICATE_METHOD_MATCH = YES;
				COPY_PHASE_STRIP = NO;
				DEBUG_INFORMATION_FORMAT = "dwarf-with-dsym";
				ENABLE_NS_ASSERTIONS = NO;
				ENABLE_STRICT_OBJC_MSGSEND = YES;
				GCC_C_LANGUAGE_STANDARD = gnu11;
				GCC_NO_COMMON_BLOCKS = YES;
				GCC_WARN_64_TO_32_BIT_CONVERSION = YES;
				GCC_WARN_ABOUT_RETURN_TYPE = YES_ERROR;
				GCC_WARN_UNDECLARED_SELECTOR = YES;
				GCC_WARN_UNINITIALIZED_AUTOS = YES_AGGRESSIVE;
				GCC_WARN_UNUSED_FUNCTION = YES;
				GCC_WARN_UNUSED_VARIABLE = YES;
				MACOSX_DEPLOYMENT_TARGET = 12.2;
				MTL_ENABLE_DEBUG_INFO = NO;
				MTL_FAST_MATH = YES;
				SDKROOT = macosx;
				SWIFT_COMPILATION_MODE = wholemodule;
				SWIFT_OPTIMIZATION_LEVEL = "-O";
			};
			name = Release;
		};
		AF620C7E290178DE009F74A9 /* Debug */ = {
			isa = XCBuildConfiguration;
			buildSettings = {
				CODE_SIGN_STYLE = Automatic;
				DEVELOPMENT_TEAM = BMD94AYGB8;
				ENABLE_HARDENED_RUNTIME = YES;
				PRODUCT_NAME = "$(TARGET_NAME)";
				SWIFT_VERSION = 5.0;
			};
			name = Debug;
		};
		AF620C7F290178DE009F74A9 /* Release */ = {
			isa = XCBuildConfiguration;
			buildSettings = {
				CODE_SIGN_STYLE = Automatic;
				DEVELOPMENT_TEAM = BMD94AYGB8;
				ENABLE_HARDENED_RUNTIME = YES;
				PRODUCT_NAME = "$(TARGET_NAME)";
				SWIFT_VERSION = 5.0;
			};
			name = Release;
		};
/* End XCBuildConfiguration section */

/* Begin XCConfigurationList section */
		AF620C71290178DE009F74A9 /* Build configuration list for PBXProject "HomeWork N3 (2)" */ = {
			isa = XCConfigurationList;
			buildConfigurations = (
				AF620C7B290178DE009F74A9 /* Debug */,
				AF620C7C290178DE009F74A9 /* Release */,
			);
			defaultConfigurationIsVisible = 0;
			defaultConfigurationName = Release;
		};
		AF620C7D290178DE009F74A9 /* Build configuration list for PBXNativeTarget "HomeWork N3 (2)" */ = {
			isa = XCConfigurationList;
			buildConfigurations = (
				AF620C7E290178DE009F74A9 /* Debug */,
				AF620C7F290178DE009F74A9 /* Release */,
			);
			defaultConfigurationIsVisible = 0;
			defaultConfigurationName = Release;
		};
/* End XCConfigurationList section */
	};
	rootObject = AF620C6E290178DE009F74A9 /* Project object */;
}
